
Microsoft Visual Studio Solution File, Format Version 12.00
# Visual Studio Version 17
VisualStudioVersion = 17.10.35004.147
MinimumVisualStudioVersion = 10.0.40219.1
Project("{FAE04EC0-301F-11D3-BF4B-00C04F79EFBC}") = "Es oggi", "Es oggi.csproj", "{3751F2B1-5728-412E-AA4B-90F74F72CE8D}"
EndProject
Global
	GlobalSection(SolutionConfigurationPlatforms) = preSolution
		Debug|Any CPU = Debug|Any CPU
		Release|Any CPU = Release|Any CPU
	EndGlobalSection
	GlobalSection(ProjectConfigurationPlatforms) = postSolution
		{3751F2B1-5728-412E-AA4B-90F74F72CE8D}.Debug|Any CPU.ActiveCfg = Debug|Any CPU
		{3751F2B1-5728-412E-AA4B-90F74F72CE8D}.Debug|Any CPU.Build.0 = Debug|Any CPU
		{3751F2B1-5728-412E-AA4B-90F74F72CE8D}.Release|Any CPU.ActiveCfg = Release|Any CPU
		{3751F2B1-5728-412E-AA4B-90F74F72CE8D}.Release|Any CPU.Build.0 = Release|Any CPU
	EndGlobalSection
	GlobalSection(SolutionProperties) = preSolution
		HideSolutionNode = FALSE
	EndGlobalSection
	GlobalSection(ExtensibilityGlobals) = postSolution
		SolutionGuid = {F9BED4A7-A2D1-404A-8E72-9ABF77EE0297}
	EndGlobalSection
EndGlobal
