
Microsoft Visual Studio Solution File, Format Version 12.00
# Visual Studio Version 17
VisualStudioVersion = 17.10.35004.147
MinimumVisualStudioVersion = 10.0.40219.1
Project("{FAE04EC0-301F-11D3-BF4B-00C04F79EFBC}") = "ContoCorrenteApp", "ContoCorrenteApp\ContoCorrenteApp.csproj", "{02CCDAD8-1D7A-4712-B691-2992EF8BA61B}"
EndProject
Project("{FAE04EC0-301F-11D3-BF4B-00C04F79EFBC}") = "RicercaNomeApp", "RicercaNomeApp\RicercaNomeApp.csproj", "{BCB8CCB6-A5A4-4894-9979-FA6E6C7285C6}"
EndProject
Project("{FAE04EC0-301F-11D3-BF4B-00C04F79EFBC}") = "SommaEMediaApp", "SommaEMediaApp\SommaEMediaApp.csproj", "{EFAF625A-B971-4193-8189-4F6B8CA55455}"
EndProject
Global
	GlobalSection(SolutionConfigurationPlatforms) = preSolution
		Debug|Any CPU = Debug|Any CPU
		Release|Any CPU = Release|Any CPU
	EndGlobalSection
	GlobalSection(ProjectConfigurationPlatforms) = postSolution
		{02CCDAD8-1D7A-4712-B691-2992EF8BA61B}.Debug|Any CPU.ActiveCfg = Debug|Any CPU
		{02CCDAD8-1D7A-4712-B691-2992EF8BA61B}.Debug|Any CPU.Build.0 = Debug|Any CPU
		{02CCDAD8-1D7A-4712-B691-2992EF8BA61B}.Release|Any CPU.ActiveCfg = Release|Any CPU
		{02CCDAD8-1D7A-4712-B691-2992EF8BA61B}.Release|Any CPU.Build.0 = Release|Any CPU
		{BCB8CCB6-A5A4-4894-9979-FA6E6C7285C6}.Debug|Any CPU.ActiveCfg = Debug|Any CPU
		{BCB8CCB6-A5A4-4894-9979-FA6E6C7285C6}.Debug|Any CPU.Build.0 = Debug|Any CPU
		{BCB8CCB6-A5A4-4894-9979-FA6E6C7285C6}.Release|Any CPU.ActiveCfg = Release|Any CPU
		{BCB8CCB6-A5A4-4894-9979-FA6E6C7285C6}.Release|Any CPU.Build.0 = Release|Any CPU
		{EFAF625A-B971-4193-8189-4F6B8CA55455}.Debug|Any CPU.ActiveCfg = Debug|Any CPU
		{EFAF625A-B971-4193-8189-4F6B8CA55455}.Debug|Any CPU.Build.0 = Debug|Any CPU
		{EFAF625A-B971-4193-8189-4F6B8CA55455}.Release|Any CPU.ActiveCfg = Release|Any CPU
		{EFAF625A-B971-4193-8189-4F6B8CA55455}.Release|Any CPU.Build.0 = Release|Any CPU
	EndGlobalSection
	GlobalSection(SolutionProperties) = preSolution
		HideSolutionNode = FALSE
	EndGlobalSection
	GlobalSection(ExtensibilityGlobals) = postSolution
		SolutionGuid = {4A1DE67D-8AFD-4E0B-B5BB-B8607555BA16}
	EndGlobalSection
EndGlobal
