
Microsoft Visual Studio Solution File, Format Version 12.00
# Visual Studio Version 17
VisualStudioVersion = 17.10.35004.147
MinimumVisualStudioVersion = 10.0.40219.1
Project("{FAE04EC0-301F-11D3-BF4B-00C04F79EFBC}") = "ConsoleAppContribuente", "ConsoleAppContribuente.csproj", "{74EC7E88-F8D5-416B-AF7E-C3DDC260F1C2}"
EndProject
Global
	GlobalSection(SolutionConfigurationPlatforms) = preSolution
		Debug|Any CPU = Debug|Any CPU
		Release|Any CPU = Release|Any CPU
	EndGlobalSection
	GlobalSection(ProjectConfigurationPlatforms) = postSolution
		{74EC7E88-F8D5-416B-AF7E-C3DDC260F1C2}.Debug|Any CPU.ActiveCfg = Debug|Any CPU
		{74EC7E88-F8D5-416B-AF7E-C3DDC260F1C2}.Debug|Any CPU.Build.0 = Debug|Any CPU
		{74EC7E88-F8D5-416B-AF7E-C3DDC260F1C2}.Release|Any CPU.ActiveCfg = Release|Any CPU
		{74EC7E88-F8D5-416B-AF7E-C3DDC260F1C2}.Release|Any CPU.Build.0 = Release|Any CPU
	EndGlobalSection
	GlobalSection(SolutionProperties) = preSolution
		HideSolutionNode = FALSE
	EndGlobalSection
	GlobalSection(ExtensibilityGlobals) = postSolution
		SolutionGuid = {A25B3C70-F3EF-4E4E-BC53-DEF1AF542E0D}
	EndGlobalSection
EndGlobal
